{
  "name": "emscriptenlib",
  "version": "1.0.0",
  "lockfileVersion": 1,
  "requires": true,
  "dependencies": {
    "split": {
      "version": "0.3.3",
      "resolved": "https://registry.npmjs.org/split/-/split-0.3.3.tgz",
      "integrity": "sha1-zQ7qXmOiEd//frDwkcQTPi0N0o8=",
      "requires": {
        "through": "2"
      }
    },
    "stl": {
      "version": "1.1.1",
      "resolved": "https://registry.npmjs.org/stl/-/stl-1.1.1.tgz",
      "integrity": "sha1-0q8fjfs8Z0UPxpC7d+hTqlhQoCs=",
      "requires": {
        "split": "^0.3.0",
        "stream-fsm": "^0.3.1",
        "triangle-normal": "0.0.0"
      }
    },
    "stream-fsm": {
      "version": "0.3.1",
      "resolved": "https://registry.npmjs.org/stream-fsm/-/stream-fsm-0.3.1.tgz",
      "integrity": "sha1-AeJPo0FmvxSTofJq79SDzxw0MQo=",
      "requires": {
        "through": "~2.1.0"
      },
      "dependencies": {
        "through": {
          "version": "2.1.0",
          "resolved": "https://registry.npmjs.org/through/-/through-2.1.0.tgz",
          "integrity": "sha1-68rkh0X/2giK1rii/iDvPOjuG80="
        }
      }
    },
    "through": {
      "version": "2.3.8",
      "resolved": "https://registry.npmjs.org/through/-/through-2.3.8.tgz",
      "integrity": "sha1-DdTJ/6q8NXlgsbckEV1+Doai4fU="
    },
    "triangle-normal": {
      "version": "0.0.0",
      "resolved": "https://registry.npmjs.org/triangle-normal/-/triangle-normal-0.0.0.tgz",
      "integrity": "sha1-tnx6fIeleDR8HZcBMyb1oIKwaTc="
    }
  }
}
